
Microsoft Visual Studio Solution File, Format Version 12.00
# Visual Studio 14
VisualStudioVersion = 14.0.22609.0
MinimumVisualStudioVersion = 10.0.40219.1
Project("{FAE04EC0-301F-11D3-BF4B-00C04F79EFBC}") = "FastSharpIDE", "FastSharpIDE\FastSharpIDE.csproj", "{28D5B1BF-C7BD-4AAD-95BD-85C7ECAB3AEF}"
EndProject
Project("{FAE04EC0-301F-11D3-BF4B-00C04F79EFBC}") = "AvalonHelpers", "AvalonHelpers\AvalonHelpers.csproj", "{853B4D66-D91C-483A-A1A2-F8259159C63B}"
EndProject
Project("{FAE04EC0-301F-11D3-BF4B-00C04F79EFBC}") = "FastSharp.Engine.Core", "FastSharp.Engine.Core\FastSharp.Engine.Core.csproj", "{331112D4-30E0-4788-8BE5-600F91DACA5B}"
EndProject
Project("{FAE04EC0-301F-11D3-BF4B-00C04F79EFBC}") = "FastSharp.Engine.RoslynOld", "FastSharp.Engine.RoslynOld\FastSharp.Engine.RoslynOld.csproj", "{ADD4284E-B88A-4B3A-9417-4ACDD477915C}"
EndProject
Project("{2150E333-8FDC-42A3-9474-1A3956D46DE8}") = ".nuget", ".nuget", "{D9AED183-2DC2-49C1-879A-B62BD7E8958D}"
	ProjectSection(SolutionItems) = preProject
		.nuget\NuGet.Config = .nuget\NuGet.Config
		.nuget\NuGet.exe = .nuget\NuGet.exe
		.nuget\NuGet.targets = .nuget\NuGet.targets
	EndProjectSection
EndProject
Project("{FAE04EC0-301F-11D3-BF4B-00C04F79EFBC}") = "FastSharp.Engine.Roslyn", "FastSharp.Engine.Roslyn\FastSharp.Engine.Roslyn.csproj", "{4D01C79A-416E-4634-8759-D26DB05D536C}"
EndProject
Global
	GlobalSection(SolutionConfigurationPlatforms) = preSolution
		Debug|Any CPU = Debug|Any CPU
		Debug|Mixed Platforms = Debug|Mixed Platforms
		Debug|x86 = Debug|x86
		Release|Any CPU = Release|Any CPU
		Release|Mixed Platforms = Release|Mixed Platforms
		Release|x86 = Release|x86
	EndGlobalSection
	GlobalSection(ProjectConfigurationPlatforms) = postSolution
		{28D5B1BF-C7BD-4AAD-95BD-85C7ECAB3AEF}.Debug|Any CPU.ActiveCfg = Debug|x86
		{28D5B1BF-C7BD-4AAD-95BD-85C7ECAB3AEF}.Debug|Mixed Platforms.ActiveCfg = Debug|x86
		{28D5B1BF-C7BD-4AAD-95BD-85C7ECAB3AEF}.Debug|Mixed Platforms.Build.0 = Debug|x86
		{28D5B1BF-C7BD-4AAD-95BD-85C7ECAB3AEF}.Debug|x86.ActiveCfg = Debug|x86
		{28D5B1BF-C7BD-4AAD-95BD-85C7ECAB3AEF}.Debug|x86.Build.0 = Debug|x86
		{28D5B1BF-C7BD-4AAD-95BD-85C7ECAB3AEF}.Release|Any CPU.ActiveCfg = Release|x86
		{28D5B1BF-C7BD-4AAD-95BD-85C7ECAB3AEF}.Release|Mixed Platforms.ActiveCfg = Release|x86
		{28D5B1BF-C7BD-4AAD-95BD-85C7ECAB3AEF}.Release|Mixed Platforms.Build.0 = Release|x86
		{28D5B1BF-C7BD-4AAD-95BD-85C7ECAB3AEF}.Release|x86.ActiveCfg = Release|x86
		{28D5B1BF-C7BD-4AAD-95BD-85C7ECAB3AEF}.Release|x86.Build.0 = Release|x86
		{853B4D66-D91C-483A-A1A2-F8259159C63B}.Debug|Any CPU.ActiveCfg = Debug|Any CPU
		{853B4D66-D91C-483A-A1A2-F8259159C63B}.Debug|Any CPU.Build.0 = Debug|Any CPU
		{853B4D66-D91C-483A-A1A2-F8259159C63B}.Debug|Mixed Platforms.ActiveCfg = Debug|Any CPU
		{853B4D66-D91C-483A-A1A2-F8259159C63B}.Debug|Mixed Platforms.Build.0 = Debug|Any CPU
		{853B4D66-D91C-483A-A1A2-F8259159C63B}.Debug|x86.ActiveCfg = Debug|Any CPU
		{853B4D66-D91C-483A-A1A2-F8259159C63B}.Release|Any CPU.ActiveCfg = Release|Any CPU
		{853B4D66-D91C-483A-A1A2-F8259159C63B}.Release|Any CPU.Build.0 = Release|Any CPU
		{853B4D66-D91C-483A-A1A2-F8259159C63B}.Release|Mixed Platforms.ActiveCfg = Release|Any CPU
		{853B4D66-D91C-483A-A1A2-F8259159C63B}.Release|Mixed Platforms.Build.0 = Release|Any CPU
		{853B4D66-D91C-483A-A1A2-F8259159C63B}.Release|x86.ActiveCfg = Release|Any CPU
		{331112D4-30E0-4788-8BE5-600F91DACA5B}.Debug|Any CPU.ActiveCfg = Debug|Any CPU
		{331112D4-30E0-4788-8BE5-600F91DACA5B}.Debug|Any CPU.Build.0 = Debug|Any CPU
		{331112D4-30E0-4788-8BE5-600F91DACA5B}.Debug|Mixed Platforms.ActiveCfg = Debug|Any CPU
		{331112D4-30E0-4788-8BE5-600F91DACA5B}.Debug|Mixed Platforms.Build.0 = Debug|Any CPU
		{331112D4-30E0-4788-8BE5-600F91DACA5B}.Debug|x86.ActiveCfg = Debug|Any CPU
		{331112D4-30E0-4788-8BE5-600F91DACA5B}.Release|Any CPU.ActiveCfg = Release|Any CPU
		{331112D4-30E0-4788-8BE5-600F91DACA5B}.Release|Any CPU.Build.0 = Release|Any CPU
		{331112D4-30E0-4788-8BE5-600F91DACA5B}.Release|Mixed Platforms.ActiveCfg = Release|Any CPU
		{331112D4-30E0-4788-8BE5-600F91DACA5B}.Release|Mixed Platforms.Build.0 = Release|Any CPU
		{331112D4-30E0-4788-8BE5-600F91DACA5B}.Release|x86.ActiveCfg = Release|Any CPU
		{ADD4284E-B88A-4B3A-9417-4ACDD477915C}.Debug|Any CPU.ActiveCfg = Debug|Any CPU
		{ADD4284E-B88A-4B3A-9417-4ACDD477915C}.Debug|Any CPU.Build.0 = Debug|Any CPU
		{ADD4284E-B88A-4B3A-9417-4ACDD477915C}.Debug|Mixed Platforms.ActiveCfg = Debug|Any CPU
		{ADD4284E-B88A-4B3A-9417-4ACDD477915C}.Debug|Mixed Platforms.Build.0 = Debug|Any CPU
		{ADD4284E-B88A-4B3A-9417-4ACDD477915C}.Debug|x86.ActiveCfg = Debug|Any CPU
		{ADD4284E-B88A-4B3A-9417-4ACDD477915C}.Release|Any CPU.ActiveCfg = Release|Any CPU
		{ADD4284E-B88A-4B3A-9417-4ACDD477915C}.Release|Any CPU.Build.0 = Release|Any CPU
		{ADD4284E-B88A-4B3A-9417-4ACDD477915C}.Release|Mixed Platforms.ActiveCfg = Release|Any CPU
		{ADD4284E-B88A-4B3A-9417-4ACDD477915C}.Release|Mixed Platforms.Build.0 = Release|Any CPU
		{ADD4284E-B88A-4B3A-9417-4ACDD477915C}.Release|x86.ActiveCfg = Release|Any CPU
		{4D01C79A-416E-4634-8759-D26DB05D536C}.Debug|Any CPU.ActiveCfg = Debug|Any CPU
		{4D01C79A-416E-4634-8759-D26DB05D536C}.Debug|Any CPU.Build.0 = Debug|Any CPU
		{4D01C79A-416E-4634-8759-D26DB05D536C}.Debug|Mixed Platforms.ActiveCfg = Debug|Any CPU
		{4D01C79A-416E-4634-8759-D26DB05D536C}.Debug|Mixed Platforms.Build.0 = Debug|Any CPU
		{4D01C79A-416E-4634-8759-D26DB05D536C}.Debug|x86.ActiveCfg = Debug|Any CPU
		{4D01C79A-416E-4634-8759-D26DB05D536C}.Debug|x86.Build.0 = Debug|Any CPU
		{4D01C79A-416E-4634-8759-D26DB05D536C}.Release|Any CPU.ActiveCfg = Release|Any CPU
		{4D01C79A-416E-4634-8759-D26DB05D536C}.Release|Any CPU.Build.0 = Release|Any CPU
		{4D01C79A-416E-4634-8759-D26DB05D536C}.Release|Mixed Platforms.ActiveCfg = Release|Any CPU
		{4D01C79A-416E-4634-8759-D26DB05D536C}.Release|Mixed Platforms.Build.0 = Release|Any CPU
		{4D01C79A-416E-4634-8759-D26DB05D536C}.Release|x86.ActiveCfg = Release|Any CPU
		{4D01C79A-416E-4634-8759-D26DB05D536C}.Release|x86.Build.0 = Release|Any CPU
	EndGlobalSection
	GlobalSection(SolutionProperties) = preSolution
		HideSolutionNode = FALSE
	EndGlobalSection
EndGlobal
